
Microsoft Visual Studio Solution File, Format Version 11.00
# Visual Studio 2010
Project("{FAE04EC0-301F-11D3-BF4B-00C04F79EFBC}") = "Assembly-CSharp", "Assembly-CSharp.csproj", "{DDF069BF-5951-377C-6EDE-8B6E95974392}"
EndProject
Project("{FAE04EC0-301F-11D3-BF4B-00C04F79EFBC}") = "Assembly-CSharp-Editor", "Assembly-CSharp-Editor.csproj", "{9C42320D-F43A-EAB6-7713-3588CB30E62E}"
EndProject
Global
	GlobalSection(SolutionConfigurationPlatforms) = preSolution
		Debug|Any CPU = Debug|Any CPU
		Release|Any CPU = Release|Any CPU
	EndGlobalSection
	GlobalSection(ProjectConfigurationPlatforms) = postSolution
		{DDF069BF-5951-377C-6EDE-8B6E95974392}.Debug|Any CPU.ActiveCfg = Debug|Any CPU
		{DDF069BF-5951-377C-6EDE-8B6E95974392}.Debug|Any CPU.Build.0 = Debug|Any CPU
		{DDF069BF-5951-377C-6EDE-8B6E95974392}.Release|Any CPU.ActiveCfg = Release|Any CPU
		{DDF069BF-5951-377C-6EDE-8B6E95974392}.Release|Any CPU.Build.0 = Release|Any CPU
		{9C42320D-F43A-EAB6-7713-3588CB30E62E}.Debug|Any CPU.ActiveCfg = Debug|Any CPU
		{9C42320D-F43A-EAB6-7713-3588CB30E62E}.Debug|Any CPU.Build.0 = Debug|Any CPU
		{9C42320D-F43A-EAB6-7713-3588CB30E62E}.Release|Any CPU.ActiveCfg = Release|Any CPU
		{9C42320D-F43A-EAB6-7713-3588CB30E62E}.Release|Any CPU.Build.0 = Release|Any CPU
	EndGlobalSection
	GlobalSection(SolutionProperties) = preSolution
		HideSolutionNode = FALSE
	EndGlobalSection
	GlobalSection(MonoDevelopProperties) = preSolution
		StartupItem = Assembly-CSharp.csproj
	EndGlobalSection
EndGlobal
